
Microsoft Visual Studio Solution File, Format Version 12.00
# Visual Studio Version 17
VisualStudioVersion = 17.11.35222.181
MinimumVisualStudioVersion = 10.0.40219.1
Project("{FAE04EC0-301F-11D3-BF4B-00C04F79EFBC}") = "CodeAnalysisTool", "CodeAnalysisTool\CodeAnalysisTool.csproj", "{DEE3BF49-BA7A-48BD-8268-BD65C36F0CF9}"
EndProject
Global
	GlobalSection(SolutionConfigurationPlatforms) = preSolution
		Debug|Any CPU = Debug|Any CPU
		Release|Any CPU = Release|Any CPU
	EndGlobalSection
	GlobalSection(ProjectConfigurationPlatforms) = postSolution
		{DEE3BF49-BA7A-48BD-8268-BD65C36F0CF9}.Debug|Any CPU.ActiveCfg = Debug|Any CPU
		{DEE3BF49-BA7A-48BD-8268-BD65C36F0CF9}.Debug|Any CPU.Build.0 = Debug|Any CPU
		{DEE3BF49-BA7A-48BD-8268-BD65C36F0CF9}.Release|Any CPU.ActiveCfg = Release|Any CPU
		{DEE3BF49-BA7A-48BD-8268-BD65C36F0CF9}.Release|Any CPU.Build.0 = Release|Any CPU
	EndGlobalSection
	GlobalSection(SolutionProperties) = preSolution
		HideSolutionNode = FALSE
	EndGlobalSection
	GlobalSection(ExtensibilityGlobals) = postSolution
		SolutionGuid = {8A3CCFA6-783F-4DFE-A2C5-0DDCA581161D}
	EndGlobalSection
EndGlobal
